
Microsoft Visual Studio Solution File, Format Version 12.00
# Visual Studio Version 17
VisualStudioVersion = 17.14.36429.23
MinimumVisualStudioVersion = 10.0.40219.1
Project("{2150E333-8FDC-42A3-9474-1A3956D46DE8}") = "Task0", "Task0", "{02EA681E-C7D8-13C7-8484-4AC65E1B71E8}"
EndProject
Project("{FAE04EC0-301F-11D3-BF4B-00C04F79EFBC}") = "Tyuiu.SlokvaGA.Sprint0.Task0.V0", "Tyuiu.SlokvaGA.Sprint0.Task0.V0\Tyuiu.SlokvaGA.Sprint0.Task0.V0.csproj", "{64FFBD5C-538E-482B-851C-7AE6F8FA48D4}"
EndProject
Project("{2150E333-8FDC-42A3-9474-1A3956D46DE8}") = "Task1", "Task1", "{CA661AA5-AE29-4585-9C3D-E463B01E5B35}"
EndProject
Project("{FAE04EC0-301F-11D3-BF4B-00C04F79EFBC}") = "Tyuiu.SlokvaGA.Sprint0.Task1.V0", "Tyuiu.SlokvaGA.Sprint0.Task1.V0\Tyuiu.SlokvaGA.Sprint0.Task1.V0.csproj", "{C80DD3A6-8E30-4DC7-9177-CDAF050A8482}"
EndProject
Global
	GlobalSection(SolutionConfigurationPlatforms) = preSolution
		Debug|Any CPU = Debug|Any CPU
		Release|Any CPU = Release|Any CPU
	EndGlobalSection
	GlobalSection(ProjectConfigurationPlatforms) = postSolution
		{64FFBD5C-538E-482B-851C-7AE6F8FA48D4}.Debug|Any CPU.ActiveCfg = Debug|Any CPU
		{64FFBD5C-538E-482B-851C-7AE6F8FA48D4}.Debug|Any CPU.Build.0 = Debug|Any CPU
		{64FFBD5C-538E-482B-851C-7AE6F8FA48D4}.Release|Any CPU.ActiveCfg = Release|Any CPU
		{64FFBD5C-538E-482B-851C-7AE6F8FA48D4}.Release|Any CPU.Build.0 = Release|Any CPU
		{C80DD3A6-8E30-4DC7-9177-CDAF050A8482}.Debug|Any CPU.ActiveCfg = Debug|Any CPU
		{C80DD3A6-8E30-4DC7-9177-CDAF050A8482}.Debug|Any CPU.Build.0 = Debug|Any CPU
		{C80DD3A6-8E30-4DC7-9177-CDAF050A8482}.Release|Any CPU.ActiveCfg = Release|Any CPU
		{C80DD3A6-8E30-4DC7-9177-CDAF050A8482}.Release|Any CPU.Build.0 = Release|Any CPU
	EndGlobalSection
	GlobalSection(SolutionProperties) = preSolution
		HideSolutionNode = FALSE
	EndGlobalSection
	GlobalSection(NestedProjects) = preSolution
		{64FFBD5C-538E-482B-851C-7AE6F8FA48D4} = {02EA681E-C7D8-13C7-8484-4AC65E1B71E8}
		{C80DD3A6-8E30-4DC7-9177-CDAF050A8482} = {CA661AA5-AE29-4585-9C3D-E463B01E5B35}
	EndGlobalSection
	GlobalSection(ExtensibilityGlobals) = postSolution
		SolutionGuid = {CFFECFE4-D0E7-481B-B836-2410D8074619}
	EndGlobalSection
EndGlobal
