
Microsoft Visual Studio Solution File, Format Version 12.00
# Visual Studio Version 17
VisualStudioVersion = 17.14.36429.23
MinimumVisualStudioVersion = 10.0.40219.1
Project("{2150E333-8FDC-42A3-9474-1A3956D46DE8}") = "Task0", "Task0", "{02EA681E-C7D8-13C7-8484-4AC65E1B71E8}"
EndProject
Project("{FAE04EC0-301F-11D3-BF4B-00C04F79EFBC}") = "Tyuiu.SlokvaGA.Sprint0.Task0.V0", "Tyuiu.SlokvaGA.Sprint0.Task0.V0\Tyuiu.SlokvaGA.Sprint0.Task0.V0.csproj", "{64FFBD5C-538E-482B-851C-7AE6F8FA48D4}"
EndProject
Project("{2150E333-8FDC-42A3-9474-1A3956D46DE8}") = "Task1", "Task1", "{CA661AA5-AE29-4585-9C3D-E463B01E5B35}"
EndProject
Project("{FAE04EC0-301F-11D3-BF4B-00C04F79EFBC}") = "Tyuiu.SlokvaGA.Sprint0.Task1.V0", "Tyuiu.SlokvaGA.Sprint0.Task1.V0\Tyuiu.SlokvaGA.Sprint0.Task1.V0.csproj", "{C80DD3A6-8E30-4DC7-9177-CDAF050A8482}"
EndProject
Project("{2150E333-8FDC-42A3-9474-1A3956D46DE8}") = "Task2", "Task2", "{B3B4E6A7-E4A1-4406-9275-60F5ECFECA42}"
EndProject
Project("{FAE04EC0-301F-11D3-BF4B-00C04F79EFBC}") = "Tyuiu.SlokvaGA.Sprint0.Task2.V0", "Tyuiu.SlokvaGA.Sprint0.Task2.V0\Tyuiu.SlokvaGA.Sprint0.Task2.V0.csproj", "{DCABEA7C-67A6-432A-A6CE-C091251B3EB8}"
EndProject
Project("{FAE04EC0-301F-11D3-BF4B-00C04F79EFBC}") = "Tyuiu.SlokvaGA.Sprint0.Task2.V0.Lib", "Tyuiu.SlokvaGA.Sprint0.Task2.V0.Lib\Tyuiu.SlokvaGA.Sprint0.Task2.V0.Lib.csproj", "{9A57DC19-A05C-49C3-BC14-EFA5F37A29D0}"
EndProject
Project("{FAE04EC0-301F-11D3-BF4B-00C04F79EFBC}") = "Tyuiu.SlokvaGA.Sprint0.Task2.V0.Test", "Tyuiu.SlokvaGA.Sprint0.Task2.V0.Test\Tyuiu.SlokvaGA.Sprint0.Task2.V0.Test.csproj", "{8EDBD53B-EC10-4DCB-A29B-3BD0ACD6C492}"
EndProject
Project("{2150E333-8FDC-42A3-9474-1A3956D46DE8}") = "Task3", "Task3", "{6083D00E-3EE3-49AC-B39D-B9452FB64E54}"
EndProject
Project("{FAE04EC0-301F-11D3-BF4B-00C04F79EFBC}") = "Tyuiu.SlokvaGA.Sprint0.Task3.V0", "Tyuiu.SlokvaGA.Sprint0.Task3.V0\Tyuiu.SlokvaGA.Sprint0.Task3.V0.csproj", "{C8E3647A-2FA0-4FCB-9A76-5F1AFCF8518C}"
EndProject
Project("{FAE04EC0-301F-11D3-BF4B-00C04F79EFBC}") = "Tyuiu.SlokvaGA.Sprint0.Task3.V0.Lib", "Tyuiu.SlokvaGA.Sprint0.Task3.V0.Lib\Tyuiu.SlokvaGA.Sprint0.Task3.V0.Lib.csproj", "{DB7919DC-43F7-435A-90A5-12DA2F6A3FAE}"
EndProject
Project("{FAE04EC0-301F-11D3-BF4B-00C04F79EFBC}") = "Tyuiu.SlokvaGA.Sprint0.Task3.V0.Test", "Tyuiu.SlokvaGA.Sprint0.Task3.V0.Test\Tyuiu.SlokvaGA.Sprint0.Task3.V0.Test.csproj", "{562E6856-2D2C-4A76-A85E-9AA922A4D076}"
EndProject
Project("{2150E333-8FDC-42A3-9474-1A3956D46DE8}") = "Task4", "Task4", "{31024A8B-F918-4C70-9708-DE4A685ED187}"
EndProject
Project("{FAE04EC0-301F-11D3-BF4B-00C04F79EFBC}") = "Tyuiu.SlokvaGA.Sprint0.Task4.V0", "Tyuiu.SlokvaGA.Sprint0.Task4.V0\Tyuiu.SlokvaGA.Sprint0.Task4.V0.csproj", "{30B017A7-B659-4F36-8E0F-267DBE250DCE}"
EndProject
Project("{FAE04EC0-301F-11D3-BF4B-00C04F79EFBC}") = "Tyuiu.SlokvaGA.Sprint0.Task4.V0.Test", "Tyuiu.SlokvaGA.Sprint0.Task4.V0.Test\Tyuiu.SlokvaGA.Sprint0.Task4.V0.Test.csproj", "{84D364CB-0DC0-4EF3-9C8B-A258B4E071B1}"
EndProject
Project("{FAE04EC0-301F-11D3-BF4B-00C04F79EFBC}") = "Tyuiu.SlokvaGA.Sprint0.Task4.V0.Lib", "Tyuiu.SlokvaGA.Sprint0.Task4.V0.Lib\Tyuiu.SlokvaGA.Sprint0.Task4.V0.Lib.csproj", "{B7AD49B6-9A24-412F-8DCD-C528984B7C38}"
EndProject
Project("{2150E333-8FDC-42A3-9474-1A3956D46DE8}") = "Task5", "Task5", "{8541CE27-D4CB-4455-A0FB-3C8F026526F1}"
EndProject
Project("{FAE04EC0-301F-11D3-BF4B-00C04F79EFBC}") = "Tyuiu.SlokvaGA.Sprint0.Task5.V0", "Tyuiu.SlokvaGA.Sprint0.Task5.V0\Tyuiu.SlokvaGA.Sprint0.Task5.V0.csproj", "{BF36B3E5-38B1-40F9-9B98-27AF87D18B69}"
EndProject
Project("{FAE04EC0-301F-11D3-BF4B-00C04F79EFBC}") = "Tyuiu.SlokvaGA.Sprint0.Task5.V0.Lib", "Tyuiu.SlokvaGA.Sprint0.Task5.V0.Lib\Tyuiu.SlokvaGA.Sprint0.Task5.V0.Lib.csproj", "{0D955269-FF15-4924-A96A-9A8965D99E65}"
EndProject
Project("{FAE04EC0-301F-11D3-BF4B-00C04F79EFBC}") = "Tyuiu.SlokvaGA.Sprint0.Task5.V0.Test", "Tyuiu.SlokvaGA.Sprint0.Task5.V0.Test\Tyuiu.SlokvaGA.Sprint0.Task5.V0.Test.csproj", "{CADBFEEC-9DDC-4C78-BED1-473C9F4B4FC6}"
EndProject
Project("{2150E333-8FDC-42A3-9474-1A3956D46DE8}") = "Task6", "Task6", "{7D93FADB-F1C3-47E6-A32E-12664FE86081}"
EndProject
Project("{FAE04EC0-301F-11D3-BF4B-00C04F79EFBC}") = "Tyuiu.SlokvaGA.Sprint0.Task6.V0", "Tyuiu.SlokvaGA.Sprint0.Task6.V0\Tyuiu.SlokvaGA.Sprint0.Task6.V0.csproj", "{5AA49BB2-73C4-4B58-AE2A-322D87FD1C3C}"
EndProject
Project("{FAE04EC0-301F-11D3-BF4B-00C04F79EFBC}") = "Tyuiu.SlokvaGA.Sprint0.Task6.V0.Lib", "Tyuiu.SlokvaGA.Sprint0.Task6.V0.Lib\Tyuiu.SlokvaGA.Sprint0.Task6.V0.Lib.csproj", "{01582208-2066-447A-828B-B25FAD9EF393}"
EndProject
Project("{FAE04EC0-301F-11D3-BF4B-00C04F79EFBC}") = "Tyuiu.SlokvaGA.Sprint0.Task6.V0.Test", "Tyuiu.SlokvaGA.Sprint0.Task6.V0.Test\Tyuiu.SlokvaGA.Sprint0.Task6.V0.Test.csproj", "{2E7C9767-6B19-4C65-8F70-CBDA36FCBD9D}"
EndProject
Project("{2150E333-8FDC-42A3-9474-1A3956D46DE8}") = "Task7", "Task7", "{4BA7C7FB-546D-4C2D-AF77-4FE35D891ECA}"
EndProject
Project("{FAE04EC0-301F-11D3-BF4B-00C04F79EFBC}") = "Tyuiu.SlokvaGA.Sprint0.Task7.V0", "Tyuiu.SlokvaGA.Sprint0.Task7.V0\Tyuiu.SlokvaGA.Sprint0.Task7.V0.csproj", "{86F94411-83BC-4034-BFE4-F1CC1F9EEA29}"
EndProject
Project("{FAE04EC0-301F-11D3-BF4B-00C04F79EFBC}") = "Tyuiu.SlokvaGA.Sprint0.Task7.V0.Lib", "Tyuiu.SlokvaGA.Sprint0.Task7.V0.Lib\Tyuiu.SlokvaGA.Sprint0.Task7.V0.Lib.csproj", "{BF6D557E-0A53-44F5-B234-7C1764EF1AC7}"
EndProject
Project("{FAE04EC0-301F-11D3-BF4B-00C04F79EFBC}") = "Tyuiu.SlokvaGA.Sprint0.Task7.V0.Test", "Tyuiu.SlokvaGA.Sprint0.Task7.V0.Test\Tyuiu.SlokvaGA.Sprint0.Task7.V0.Test.csproj", "{D7F74EB3-13DB-4EC0-83B3-22EC9A18AE7B}"
EndProject
Global
	GlobalSection(SolutionConfigurationPlatforms) = preSolution
		Debug|Any CPU = Debug|Any CPU
		Release|Any CPU = Release|Any CPU
	EndGlobalSection
	GlobalSection(ProjectConfigurationPlatforms) = postSolution
		{64FFBD5C-538E-482B-851C-7AE6F8FA48D4}.Debug|Any CPU.ActiveCfg = Debug|Any CPU
		{64FFBD5C-538E-482B-851C-7AE6F8FA48D4}.Debug|Any CPU.Build.0 = Debug|Any CPU
		{64FFBD5C-538E-482B-851C-7AE6F8FA48D4}.Release|Any CPU.ActiveCfg = Release|Any CPU
		{64FFBD5C-538E-482B-851C-7AE6F8FA48D4}.Release|Any CPU.Build.0 = Release|Any CPU
		{C80DD3A6-8E30-4DC7-9177-CDAF050A8482}.Debug|Any CPU.ActiveCfg = Debug|Any CPU
		{C80DD3A6-8E30-4DC7-9177-CDAF050A8482}.Debug|Any CPU.Build.0 = Debug|Any CPU
		{C80DD3A6-8E30-4DC7-9177-CDAF050A8482}.Release|Any CPU.ActiveCfg = Release|Any CPU
		{C80DD3A6-8E30-4DC7-9177-CDAF050A8482}.Release|Any CPU.Build.0 = Release|Any CPU
		{DCABEA7C-67A6-432A-A6CE-C091251B3EB8}.Debug|Any CPU.ActiveCfg = Debug|Any CPU
		{DCABEA7C-67A6-432A-A6CE-C091251B3EB8}.Debug|Any CPU.Build.0 = Debug|Any CPU
		{DCABEA7C-67A6-432A-A6CE-C091251B3EB8}.Release|Any CPU.ActiveCfg = Release|Any CPU
		{DCABEA7C-67A6-432A-A6CE-C091251B3EB8}.Release|Any CPU.Build.0 = Release|Any CPU
		{9A57DC19-A05C-49C3-BC14-EFA5F37A29D0}.Debug|Any CPU.ActiveCfg = Debug|Any CPU
		{9A57DC19-A05C-49C3-BC14-EFA5F37A29D0}.Debug|Any CPU.Build.0 = Debug|Any CPU
		{9A57DC19-A05C-49C3-BC14-EFA5F37A29D0}.Release|Any CPU.ActiveCfg = Release|Any CPU
		{9A57DC19-A05C-49C3-BC14-EFA5F37A29D0}.Release|Any CPU.Build.0 = Release|Any CPU
		{8EDBD53B-EC10-4DCB-A29B-3BD0ACD6C492}.Debug|Any CPU.ActiveCfg = Debug|Any CPU
		{8EDBD53B-EC10-4DCB-A29B-3BD0ACD6C492}.Debug|Any CPU.Build.0 = Debug|Any CPU
		{8EDBD53B-EC10-4DCB-A29B-3BD0ACD6C492}.Release|Any CPU.ActiveCfg = Release|Any CPU
		{8EDBD53B-EC10-4DCB-A29B-3BD0ACD6C492}.Release|Any CPU.Build.0 = Release|Any CPU
		{C8E3647A-2FA0-4FCB-9A76-5F1AFCF8518C}.Debug|Any CPU.ActiveCfg = Debug|Any CPU
		{C8E3647A-2FA0-4FCB-9A76-5F1AFCF8518C}.Debug|Any CPU.Build.0 = Debug|Any CPU
		{C8E3647A-2FA0-4FCB-9A76-5F1AFCF8518C}.Release|Any CPU.ActiveCfg = Release|Any CPU
		{C8E3647A-2FA0-4FCB-9A76-5F1AFCF8518C}.Release|Any CPU.Build.0 = Release|Any CPU
		{DB7919DC-43F7-435A-90A5-12DA2F6A3FAE}.Debug|Any CPU.ActiveCfg = Debug|Any CPU
		{DB7919DC-43F7-435A-90A5-12DA2F6A3FAE}.Debug|Any CPU.Build.0 = Debug|Any CPU
		{DB7919DC-43F7-435A-90A5-12DA2F6A3FAE}.Release|Any CPU.ActiveCfg = Release|Any CPU
		{DB7919DC-43F7-435A-90A5-12DA2F6A3FAE}.Release|Any CPU.Build.0 = Release|Any CPU
		{562E6856-2D2C-4A76-A85E-9AA922A4D076}.Debug|Any CPU.ActiveCfg = Debug|Any CPU
		{562E6856-2D2C-4A76-A85E-9AA922A4D076}.Debug|Any CPU.Build.0 = Debug|Any CPU
		{562E6856-2D2C-4A76-A85E-9AA922A4D076}.Release|Any CPU.ActiveCfg = Release|Any CPU
		{562E6856-2D2C-4A76-A85E-9AA922A4D076}.Release|Any CPU.Build.0 = Release|Any CPU
		{30B017A7-B659-4F36-8E0F-267DBE250DCE}.Debug|Any CPU.ActiveCfg = Debug|Any CPU
		{30B017A7-B659-4F36-8E0F-267DBE250DCE}.Debug|Any CPU.Build.0 = Debug|Any CPU
		{30B017A7-B659-4F36-8E0F-267DBE250DCE}.Release|Any CPU.ActiveCfg = Release|Any CPU
		{30B017A7-B659-4F36-8E0F-267DBE250DCE}.Release|Any CPU.Build.0 = Release|Any CPU
		{84D364CB-0DC0-4EF3-9C8B-A258B4E071B1}.Debug|Any CPU.ActiveCfg = Debug|Any CPU
		{84D364CB-0DC0-4EF3-9C8B-A258B4E071B1}.Debug|Any CPU.Build.0 = Debug|Any CPU
		{84D364CB-0DC0-4EF3-9C8B-A258B4E071B1}.Release|Any CPU.ActiveCfg = Release|Any CPU
		{84D364CB-0DC0-4EF3-9C8B-A258B4E071B1}.Release|Any CPU.Build.0 = Release|Any CPU
		{B7AD49B6-9A24-412F-8DCD-C528984B7C38}.Debug|Any CPU.ActiveCfg = Debug|Any CPU
		{B7AD49B6-9A24-412F-8DCD-C528984B7C38}.Debug|Any CPU.Build.0 = Debug|Any CPU
		{B7AD49B6-9A24-412F-8DCD-C528984B7C38}.Release|Any CPU.ActiveCfg = Release|Any CPU
		{B7AD49B6-9A24-412F-8DCD-C528984B7C38}.Release|Any CPU.Build.0 = Release|Any CPU
		{BF36B3E5-38B1-40F9-9B98-27AF87D18B69}.Debug|Any CPU.ActiveCfg = Debug|Any CPU
		{BF36B3E5-38B1-40F9-9B98-27AF87D18B69}.Debug|Any CPU.Build.0 = Debug|Any CPU
		{BF36B3E5-38B1-40F9-9B98-27AF87D18B69}.Release|Any CPU.ActiveCfg = Release|Any CPU
		{BF36B3E5-38B1-40F9-9B98-27AF87D18B69}.Release|Any CPU.Build.0 = Release|Any CPU
		{0D955269-FF15-4924-A96A-9A8965D99E65}.Debug|Any CPU.ActiveCfg = Debug|Any CPU
		{0D955269-FF15-4924-A96A-9A8965D99E65}.Debug|Any CPU.Build.0 = Debug|Any CPU
		{0D955269-FF15-4924-A96A-9A8965D99E65}.Release|Any CPU.ActiveCfg = Release|Any CPU
		{0D955269-FF15-4924-A96A-9A8965D99E65}.Release|Any CPU.Build.0 = Release|Any CPU
		{CADBFEEC-9DDC-4C78-BED1-473C9F4B4FC6}.Debug|Any CPU.ActiveCfg = Debug|Any CPU
		{CADBFEEC-9DDC-4C78-BED1-473C9F4B4FC6}.Debug|Any CPU.Build.0 = Debug|Any CPU
		{CADBFEEC-9DDC-4C78-BED1-473C9F4B4FC6}.Release|Any CPU.ActiveCfg = Release|Any CPU
		{CADBFEEC-9DDC-4C78-BED1-473C9F4B4FC6}.Release|Any CPU.Build.0 = Release|Any CPU
		{5AA49BB2-73C4-4B58-AE2A-322D87FD1C3C}.Debug|Any CPU.ActiveCfg = Debug|Any CPU
		{5AA49BB2-73C4-4B58-AE2A-322D87FD1C3C}.Debug|Any CPU.Build.0 = Debug|Any CPU
		{5AA49BB2-73C4-4B58-AE2A-322D87FD1C3C}.Release|Any CPU.ActiveCfg = Release|Any CPU
		{5AA49BB2-73C4-4B58-AE2A-322D87FD1C3C}.Release|Any CPU.Build.0 = Release|Any CPU
		{01582208-2066-447A-828B-B25FAD9EF393}.Debug|Any CPU.ActiveCfg = Debug|Any CPU
		{01582208-2066-447A-828B-B25FAD9EF393}.Debug|Any CPU.Build.0 = Debug|Any CPU
		{01582208-2066-447A-828B-B25FAD9EF393}.Release|Any CPU.ActiveCfg = Release|Any CPU
		{01582208-2066-447A-828B-B25FAD9EF393}.Release|Any CPU.Build.0 = Release|Any CPU
		{2E7C9767-6B19-4C65-8F70-CBDA36FCBD9D}.Debug|Any CPU.ActiveCfg = Debug|Any CPU
		{2E7C9767-6B19-4C65-8F70-CBDA36FCBD9D}.Debug|Any CPU.Build.0 = Debug|Any CPU
		{2E7C9767-6B19-4C65-8F70-CBDA36FCBD9D}.Release|Any CPU.ActiveCfg = Release|Any CPU
		{2E7C9767-6B19-4C65-8F70-CBDA36FCBD9D}.Release|Any CPU.Build.0 = Release|Any CPU
		{86F94411-83BC-4034-BFE4-F1CC1F9EEA29}.Debug|Any CPU.ActiveCfg = Debug|Any CPU
		{86F94411-83BC-4034-BFE4-F1CC1F9EEA29}.Debug|Any CPU.Build.0 = Debug|Any CPU
		{86F94411-83BC-4034-BFE4-F1CC1F9EEA29}.Release|Any CPU.ActiveCfg = Release|Any CPU
		{86F94411-83BC-4034-BFE4-F1CC1F9EEA29}.Release|Any CPU.Build.0 = Release|Any CPU
		{BF6D557E-0A53-44F5-B234-7C1764EF1AC7}.Debug|Any CPU.ActiveCfg = Debug|Any CPU
		{BF6D557E-0A53-44F5-B234-7C1764EF1AC7}.Debug|Any CPU.Build.0 = Debug|Any CPU
		{BF6D557E-0A53-44F5-B234-7C1764EF1AC7}.Release|Any CPU.ActiveCfg = Release|Any CPU
		{BF6D557E-0A53-44F5-B234-7C1764EF1AC7}.Release|Any CPU.Build.0 = Release|Any CPU
		{D7F74EB3-13DB-4EC0-83B3-22EC9A18AE7B}.Debug|Any CPU.ActiveCfg = Debug|Any CPU
		{D7F74EB3-13DB-4EC0-83B3-22EC9A18AE7B}.Debug|Any CPU.Build.0 = Debug|Any CPU
		{D7F74EB3-13DB-4EC0-83B3-22EC9A18AE7B}.Release|Any CPU.ActiveCfg = Release|Any CPU
		{D7F74EB3-13DB-4EC0-83B3-22EC9A18AE7B}.Release|Any CPU.Build.0 = Release|Any CPU
	EndGlobalSection
	GlobalSection(SolutionProperties) = preSolution
		HideSolutionNode = FALSE
	EndGlobalSection
	GlobalSection(NestedProjects) = preSolution
		{64FFBD5C-538E-482B-851C-7AE6F8FA48D4} = {02EA681E-C7D8-13C7-8484-4AC65E1B71E8}
		{C80DD3A6-8E30-4DC7-9177-CDAF050A8482} = {CA661AA5-AE29-4585-9C3D-E463B01E5B35}
		{DCABEA7C-67A6-432A-A6CE-C091251B3EB8} = {B3B4E6A7-E4A1-4406-9275-60F5ECFECA42}
		{9A57DC19-A05C-49C3-BC14-EFA5F37A29D0} = {B3B4E6A7-E4A1-4406-9275-60F5ECFECA42}
		{8EDBD53B-EC10-4DCB-A29B-3BD0ACD6C492} = {B3B4E6A7-E4A1-4406-9275-60F5ECFECA42}
		{C8E3647A-2FA0-4FCB-9A76-5F1AFCF8518C} = {6083D00E-3EE3-49AC-B39D-B9452FB64E54}
		{DB7919DC-43F7-435A-90A5-12DA2F6A3FAE} = {6083D00E-3EE3-49AC-B39D-B9452FB64E54}
		{562E6856-2D2C-4A76-A85E-9AA922A4D076} = {6083D00E-3EE3-49AC-B39D-B9452FB64E54}
		{30B017A7-B659-4F36-8E0F-267DBE250DCE} = {31024A8B-F918-4C70-9708-DE4A685ED187}
		{84D364CB-0DC0-4EF3-9C8B-A258B4E071B1} = {31024A8B-F918-4C70-9708-DE4A685ED187}
		{B7AD49B6-9A24-412F-8DCD-C528984B7C38} = {31024A8B-F918-4C70-9708-DE4A685ED187}
		{BF36B3E5-38B1-40F9-9B98-27AF87D18B69} = {8541CE27-D4CB-4455-A0FB-3C8F026526F1}
		{0D955269-FF15-4924-A96A-9A8965D99E65} = {8541CE27-D4CB-4455-A0FB-3C8F026526F1}
		{CADBFEEC-9DDC-4C78-BED1-473C9F4B4FC6} = {8541CE27-D4CB-4455-A0FB-3C8F026526F1}
		{5AA49BB2-73C4-4B58-AE2A-322D87FD1C3C} = {7D93FADB-F1C3-47E6-A32E-12664FE86081}
		{01582208-2066-447A-828B-B25FAD9EF393} = {7D93FADB-F1C3-47E6-A32E-12664FE86081}
		{2E7C9767-6B19-4C65-8F70-CBDA36FCBD9D} = {7D93FADB-F1C3-47E6-A32E-12664FE86081}
		{86F94411-83BC-4034-BFE4-F1CC1F9EEA29} = {4BA7C7FB-546D-4C2D-AF77-4FE35D891ECA}
		{BF6D557E-0A53-44F5-B234-7C1764EF1AC7} = {4BA7C7FB-546D-4C2D-AF77-4FE35D891ECA}
		{D7F74EB3-13DB-4EC0-83B3-22EC9A18AE7B} = {4BA7C7FB-546D-4C2D-AF77-4FE35D891ECA}
	EndGlobalSection
	GlobalSection(ExtensibilityGlobals) = postSolution
		SolutionGuid = {CFFECFE4-D0E7-481B-B836-2410D8074619}
	EndGlobalSection
EndGlobal
